
Microsoft Visual Studio Solution File, Format Version 12.00
# Visual Studio Version 17
VisualStudioVersion = 17.7.34202.233
MinimumVisualStudioVersion = 10.0.40219.1
Project("{FAE04EC0-301F-11D3-BF4B-00C04F79EFBC}") = "WeatherApp", "WeatherApp\WeatherApp.csproj", "{E85F68AF-9B38-44AE-BFBF-0F6E48CD5167}"
EndProject
Global
	GlobalSection(SolutionConfigurationPlatforms) = preSolution
		Debug|Any CPU = Debug|Any CPU
		Release|Any CPU = Release|Any CPU
	EndGlobalSection
	GlobalSection(ProjectConfigurationPlatforms) = postSolution
		{E85F68AF-9B38-44AE-BFBF-0F6E48CD5167}.Debug|Any CPU.ActiveCfg = Debug|Any CPU
		{E85F68AF-9B38-44AE-BFBF-0F6E48CD5167}.Debug|Any CPU.Build.0 = Debug|Any CPU
		{E85F68AF-9B38-44AE-BFBF-0F6E48CD5167}.Release|Any CPU.ActiveCfg = Release|Any CPU
		{E85F68AF-9B38-44AE-BFBF-0F6E48CD5167}.Release|Any CPU.Build.0 = Release|Any CPU
	EndGlobalSection
	GlobalSection(SolutionProperties) = preSolution
		HideSolutionNode = FALSE
	EndGlobalSection
	GlobalSection(ExtensibilityGlobals) = postSolution
		SolutionGuid = {DA4EC2F7-DB1F-476A-95B7-E50C1213CAF2}
	EndGlobalSection
EndGlobal
